
Microsoft Visual Studio Solution File, Format Version 12.00
# Visual Studio Express 2012 for Windows Desktop
Project("{FAE04EC0-301F-11D3-BF4B-00C04F79EFBC}") = "Canada Simulator Updater", "Canada Simulator Updater\Canada Simulator Updater.csproj", "{4CB2DD32-663C-4F8A-912C-0DFE70F32402}"
EndProject
Global
	GlobalSection(SolutionConfigurationPlatforms) = preSolution
		Debug|Any CPU = Debug|Any CPU
		Release|Any CPU = Release|Any CPU
	EndGlobalSection
	GlobalSection(ProjectConfigurationPlatforms) = postSolution
		{4CB2DD32-663C-4F8A-912C-0DFE70F32402}.Debug|Any CPU.ActiveCfg = Debug|Any CPU
		{4CB2DD32-663C-4F8A-912C-0DFE70F32402}.Debug|Any CPU.Build.0 = Debug|Any CPU
		{4CB2DD32-663C-4F8A-912C-0DFE70F32402}.Release|Any CPU.ActiveCfg = Release|Any CPU
		{4CB2DD32-663C-4F8A-912C-0DFE70F32402}.Release|Any CPU.Build.0 = Release|Any CPU
	EndGlobalSection
	GlobalSection(SolutionProperties) = preSolution
		HideSolutionNode = FALSE
	EndGlobalSection
EndGlobal
